
Microsoft Visual Studio Solution File, Format Version 12.00
# Visual Studio Version 16
VisualStudioVersion = 16.0.30002.166
MinimumVisualStudioVersion = 10.0.40219.1
Project("{FAE04EC0-301F-11D3-BF4B-00C04F79EFBC}") = "Parte001", "Parte001\Parte001.csproj", "{7532DC7E-83D1-4D80-9EDB-8DC7207D7358}"
EndProject
Project("{FAE04EC0-301F-11D3-BF4B-00C04F79EFBC}") = "Parte002", "Parte002\Parte002.csproj", "{2B12AFC9-8365-48ED-9399-617738D96041}"
EndProject
Project("{FAE04EC0-301F-11D3-BF4B-00C04F79EFBC}") = "Parte003", "Parte003\Parte003.csproj", "{714FB1EC-A9B8-4676-BB44-2D8B0CC7C7F3}"
EndProject
Project("{FAE04EC0-301F-11D3-BF4B-00C04F79EFBC}") = "Parte004", "Parte004\Parte004.csproj", "{79E85114-C772-430B-ACE9-4439E3D697BD}"
EndProject
Project("{FAE04EC0-301F-11D3-BF4B-00C04F79EFBC}") = "Parte005", "Parte005\Parte005.csproj", "{10CCF8F4-0DC9-4D49-BEB9-5E89EED1635B}"
EndProject
Project("{FAE04EC0-301F-11D3-BF4B-00C04F79EFBC}") = "Parte006", "Parte006\Parte006.csproj", "{149CF3BA-5C8F-434B-97C3-3DF2880EC8AD}"
EndProject
Project("{FAE04EC0-301F-11D3-BF4B-00C04F79EFBC}") = "Parte007", "Parte007\Parte007.csproj", "{4E50E9CB-D056-480F-A4E8-4320D73A36B8}"
EndProject
Project("{FAE04EC0-301F-11D3-BF4B-00C04F79EFBC}") = "Parte008", "Parte008\Parte008.csproj", "{CAA51F5E-DA1D-48E4-AB14-FEEDB1D953FE}"
EndProject
Project("{FAE04EC0-301F-11D3-BF4B-00C04F79EFBC}") = "Parte009", "Parte009\Parte009.csproj", "{CD3668E5-1679-4E96-931F-3A203FCE578F}"
EndProject
Project("{FAE04EC0-301F-11D3-BF4B-00C04F79EFBC}") = "Parte010", "Parte010\Parte010.csproj", "{E4C6AB78-E7C5-4367-8E2E-7085E759899E}"
EndProject
Project("{FAE04EC0-301F-11D3-BF4B-00C04F79EFBC}") = "Parte011", "Parte011\Parte011.csproj", "{317EF590-C65E-4F70-8386-520E29274344}"
EndProject
Project("{FAE04EC0-301F-11D3-BF4B-00C04F79EFBC}") = "Parte012", "Parte012\Parte012.csproj", "{825783CA-AE40-4344-AD52-F9EC7E33BE0E}"
EndProject
Project("{FAE04EC0-301F-11D3-BF4B-00C04F79EFBC}") = "Parte013", "Parte013\Parte013.csproj", "{9D407778-053A-4788-BDB4-ABF2E7E6C83C}"
EndProject
Project("{FAE04EC0-301F-11D3-BF4B-00C04F79EFBC}") = "Parte014", "Parte014\Parte014.csproj", "{31249A03-1A5C-42A8-952F-280C4D19EBBA}"
EndProject
Project("{FAE04EC0-301F-11D3-BF4B-00C04F79EFBC}") = "Parte015", "Parte015\Parte015.csproj", "{790E226B-B089-4908-ABAE-81917CFE4E52}"
EndProject
Project("{FAE04EC0-301F-11D3-BF4B-00C04F79EFBC}") = "Parte016", "Parte016\Parte016.csproj", "{E453196B-0DBC-43B9-9DB7-5739088715D1}"
EndProject
Project("{FAE04EC0-301F-11D3-BF4B-00C04F79EFBC}") = "Parte017", "Parte017\Parte017.csproj", "{790CF2D6-5BB1-41E9-9673-7EC38AF93208}"
EndProject
Project("{FAE04EC0-301F-11D3-BF4B-00C04F79EFBC}") = "Parte018", "Parte018\Parte018.csproj", "{1F12A97A-7DD8-48FF-B6C5-BC1E1BBA05C5}"
EndProject
Project("{FAE04EC0-301F-11D3-BF4B-00C04F79EFBC}") = "Parte019", "Parte019\Parte019.csproj", "{0A0FA008-2FA6-4B13-B4C9-EAC42DCEBBCC}"
EndProject
Project("{FAE04EC0-301F-11D3-BF4B-00C04F79EFBC}") = "Parte020", "Parte020\Parte020.csproj", "{02B02591-E875-4661-8775-8AB4702F306D}"
EndProject
Project("{FAE04EC0-301F-11D3-BF4B-00C04F79EFBC}") = "Parte021", "Parte021\Parte021.csproj", "{CAB5C052-E0BF-4412-BC6B-62C3A5BED4C9}"
EndProject
Project("{FAE04EC0-301F-11D3-BF4B-00C04F79EFBC}") = "Parte022", "Parte022\Parte022.csproj", "{08DFE4A2-00D2-406F-A083-AD1CE95986B7}"
EndProject
Project("{FAE04EC0-301F-11D3-BF4B-00C04F79EFBC}") = "Parte023", "Parte023\Parte023.csproj", "{F273B63C-B5FF-4D2E-BB18-19C374CA02CF}"
EndProject
Project("{FAE04EC0-301F-11D3-BF4B-00C04F79EFBC}") = "Parte025", "Parte025\Parte025.csproj", "{2800AA70-AD9A-4108-A9D2-585FF522CFDA}"
EndProject
Project("{FAE04EC0-301F-11D3-BF4B-00C04F79EFBC}") = "Parte024", "Parte024\Parte024.csproj", "{95BFE297-3778-4861-9686-DC05A142CFE3}"
EndProject
Project("{FAE04EC0-301F-11D3-BF4B-00C04F79EFBC}") = "Parte026", "Parte026\Parte026.csproj", "{C1765E44-EBA3-4E4D-B415-653D4FE68111}"
EndProject
Project("{FAE04EC0-301F-11D3-BF4B-00C04F79EFBC}") = "Parte027", "Parte027\Parte027.csproj", "{9CF0C1FD-D093-4F73-AF8B-B66D666AA05C}"
EndProject
Project("{FAE04EC0-301F-11D3-BF4B-00C04F79EFBC}") = "Parte028", "Parte028\Parte028.csproj", "{7F262FBF-2F32-4EE2-A981-61500C1CAA18}"
EndProject
Project("{FAE04EC0-301F-11D3-BF4B-00C04F79EFBC}") = "Parte029", "Parte029\Parte029.csproj", "{E2D5B72C-E6C9-43FD-BBE9-A13C94F50E72}"
EndProject
Project("{FAE04EC0-301F-11D3-BF4B-00C04F79EFBC}") = "Parte030", "Parte030\Parte030.csproj", "{3A2171FA-5AF4-4247-9265-B03B9A610430}"
EndProject
Project("{FAE04EC0-301F-11D3-BF4B-00C04F79EFBC}") = "Parte031", "Parte031\Parte031.csproj", "{BC0E9F51-D971-4DCF-88C7-EDDA3A2C7467}"
EndProject
Project("{FAE04EC0-301F-11D3-BF4B-00C04F79EFBC}") = "Parte032", "Parte032\Parte032.csproj", "{FED780DE-F823-46F6-AE53-7BE9C0F0E540}"
EndProject
Project("{FAE04EC0-301F-11D3-BF4B-00C04F79EFBC}") = "Parte033", "Parte033\Parte033.csproj", "{0653100C-A345-438A-B94E-7F84580AA3EC}"
EndProject
Project("{FAE04EC0-301F-11D3-BF4B-00C04F79EFBC}") = "Parte034", "Parte034\Parte034.csproj", "{9DD84849-0976-4B05-90F8-978359D01EBC}"
EndProject
Project("{FAE04EC0-301F-11D3-BF4B-00C04F79EFBC}") = "Parte035", "Parte035\Parte035.csproj", "{99758AE6-6659-468C-A3C1-E1992A039D73}"
EndProject
Project("{FAE04EC0-301F-11D3-BF4B-00C04F79EFBC}") = "Parte036", "Parte036\Parte036.csproj", "{A277F7AA-E3C3-4D11-A882-9FDB02A9BDB9}"
EndProject
Project("{FAE04EC0-301F-11D3-BF4B-00C04F79EFBC}") = "Parte038", "Parte038\Parte038.csproj", "{25E94702-2DBE-4DCA-B9FC-44AB466BED39}"
EndProject
Project("{FAE04EC0-301F-11D3-BF4B-00C04F79EFBC}") = "Parte037", "Parte037\Parte037.csproj", "{9EC85FA0-FF99-481A-B0BD-323C9B166AA1}"
EndProject
Project("{FAE04EC0-301F-11D3-BF4B-00C04F79EFBC}") = "Parte039", "Parte039\Parte039.csproj", "{A4058F1C-2DAD-4CBD-B85A-5408EB0B9EC2}"
EndProject
Project("{FAE04EC0-301F-11D3-BF4B-00C04F79EFBC}") = "Parte040", "Parte040\Parte040.csproj", "{D72F5CE6-A523-48CD-BA0D-12BDBC7D6A3F}"
EndProject
Project("{FAE04EC0-301F-11D3-BF4B-00C04F79EFBC}") = "Parte041", "Parte041\Parte041.csproj", "{BBB4976B-C5E2-495D-9EF0-704BAB9A448C}"
EndProject
Project("{FAE04EC0-301F-11D3-BF4B-00C04F79EFBC}") = "Parte042", "Parte042\Parte042.csproj", "{F1E21D51-2A42-4CBF-8CAD-DE7010C3B083}"
EndProject
Project("{FAE04EC0-301F-11D3-BF4B-00C04F79EFBC}") = "Parte043", "Parte043\Parte043.csproj", "{D90474F4-0A9B-47F3-AEA6-2A64FDB56615}"
EndProject
Global
	GlobalSection(SolutionConfigurationPlatforms) = preSolution
		Debug|Any CPU = Debug|Any CPU
		Release|Any CPU = Release|Any CPU
	EndGlobalSection
	GlobalSection(ProjectConfigurationPlatforms) = postSolution
		{7532DC7E-83D1-4D80-9EDB-8DC7207D7358}.Debug|Any CPU.ActiveCfg = Debug|Any CPU
		{7532DC7E-83D1-4D80-9EDB-8DC7207D7358}.Debug|Any CPU.Build.0 = Debug|Any CPU
		{7532DC7E-83D1-4D80-9EDB-8DC7207D7358}.Release|Any CPU.ActiveCfg = Release|Any CPU
		{7532DC7E-83D1-4D80-9EDB-8DC7207D7358}.Release|Any CPU.Build.0 = Release|Any CPU
		{2B12AFC9-8365-48ED-9399-617738D96041}.Debug|Any CPU.ActiveCfg = Debug|Any CPU
		{2B12AFC9-8365-48ED-9399-617738D96041}.Debug|Any CPU.Build.0 = Debug|Any CPU
		{2B12AFC9-8365-48ED-9399-617738D96041}.Release|Any CPU.ActiveCfg = Release|Any CPU
		{2B12AFC9-8365-48ED-9399-617738D96041}.Release|Any CPU.Build.0 = Release|Any CPU
		{714FB1EC-A9B8-4676-BB44-2D8B0CC7C7F3}.Debug|Any CPU.ActiveCfg = Debug|Any CPU
		{714FB1EC-A9B8-4676-BB44-2D8B0CC7C7F3}.Debug|Any CPU.Build.0 = Debug|Any CPU
		{714FB1EC-A9B8-4676-BB44-2D8B0CC7C7F3}.Release|Any CPU.ActiveCfg = Release|Any CPU
		{714FB1EC-A9B8-4676-BB44-2D8B0CC7C7F3}.Release|Any CPU.Build.0 = Release|Any CPU
		{79E85114-C772-430B-ACE9-4439E3D697BD}.Debug|Any CPU.ActiveCfg = Debug|Any CPU
		{79E85114-C772-430B-ACE9-4439E3D697BD}.Debug|Any CPU.Build.0 = Debug|Any CPU
		{79E85114-C772-430B-ACE9-4439E3D697BD}.Release|Any CPU.ActiveCfg = Release|Any CPU
		{79E85114-C772-430B-ACE9-4439E3D697BD}.Release|Any CPU.Build.0 = Release|Any CPU
		{10CCF8F4-0DC9-4D49-BEB9-5E89EED1635B}.Debug|Any CPU.ActiveCfg = Debug|Any CPU
		{10CCF8F4-0DC9-4D49-BEB9-5E89EED1635B}.Debug|Any CPU.Build.0 = Debug|Any CPU
		{10CCF8F4-0DC9-4D49-BEB9-5E89EED1635B}.Release|Any CPU.ActiveCfg = Release|Any CPU
		{10CCF8F4-0DC9-4D49-BEB9-5E89EED1635B}.Release|Any CPU.Build.0 = Release|Any CPU
		{149CF3BA-5C8F-434B-97C3-3DF2880EC8AD}.Debug|Any CPU.ActiveCfg = Debug|Any CPU
		{149CF3BA-5C8F-434B-97C3-3DF2880EC8AD}.Debug|Any CPU.Build.0 = Debug|Any CPU
		{149CF3BA-5C8F-434B-97C3-3DF2880EC8AD}.Release|Any CPU.ActiveCfg = Release|Any CPU
		{149CF3BA-5C8F-434B-97C3-3DF2880EC8AD}.Release|Any CPU.Build.0 = Release|Any CPU
		{4E50E9CB-D056-480F-A4E8-4320D73A36B8}.Debug|Any CPU.ActiveCfg = Debug|Any CPU
		{4E50E9CB-D056-480F-A4E8-4320D73A36B8}.Debug|Any CPU.Build.0 = Debug|Any CPU
		{4E50E9CB-D056-480F-A4E8-4320D73A36B8}.Release|Any CPU.ActiveCfg = Release|Any CPU
		{4E50E9CB-D056-480F-A4E8-4320D73A36B8}.Release|Any CPU.Build.0 = Release|Any CPU
		{CAA51F5E-DA1D-48E4-AB14-FEEDB1D953FE}.Debug|Any CPU.ActiveCfg = Debug|Any CPU
		{CAA51F5E-DA1D-48E4-AB14-FEEDB1D953FE}.Debug|Any CPU.Build.0 = Debug|Any CPU
		{CAA51F5E-DA1D-48E4-AB14-FEEDB1D953FE}.Release|Any CPU.ActiveCfg = Release|Any CPU
		{CAA51F5E-DA1D-48E4-AB14-FEEDB1D953FE}.Release|Any CPU.Build.0 = Release|Any CPU
		{CD3668E5-1679-4E96-931F-3A203FCE578F}.Debug|Any CPU.ActiveCfg = Debug|Any CPU
		{CD3668E5-1679-4E96-931F-3A203FCE578F}.Debug|Any CPU.Build.0 = Debug|Any CPU
		{CD3668E5-1679-4E96-931F-3A203FCE578F}.Release|Any CPU.ActiveCfg = Release|Any CPU
		{CD3668E5-1679-4E96-931F-3A203FCE578F}.Release|Any CPU.Build.0 = Release|Any CPU
		{E4C6AB78-E7C5-4367-8E2E-7085E759899E}.Debug|Any CPU.ActiveCfg = Debug|Any CPU
		{E4C6AB78-E7C5-4367-8E2E-7085E759899E}.Debug|Any CPU.Build.0 = Debug|Any CPU
		{E4C6AB78-E7C5-4367-8E2E-7085E759899E}.Release|Any CPU.ActiveCfg = Release|Any CPU
		{E4C6AB78-E7C5-4367-8E2E-7085E759899E}.Release|Any CPU.Build.0 = Release|Any CPU
		{317EF590-C65E-4F70-8386-520E29274344}.Debug|Any CPU.ActiveCfg = Debug|Any CPU
		{317EF590-C65E-4F70-8386-520E29274344}.Debug|Any CPU.Build.0 = Debug|Any CPU
		{317EF590-C65E-4F70-8386-520E29274344}.Release|Any CPU.ActiveCfg = Release|Any CPU
		{317EF590-C65E-4F70-8386-520E29274344}.Release|Any CPU.Build.0 = Release|Any CPU
		{825783CA-AE40-4344-AD52-F9EC7E33BE0E}.Debug|Any CPU.ActiveCfg = Debug|Any CPU
		{825783CA-AE40-4344-AD52-F9EC7E33BE0E}.Debug|Any CPU.Build.0 = Debug|Any CPU
		{825783CA-AE40-4344-AD52-F9EC7E33BE0E}.Release|Any CPU.ActiveCfg = Release|Any CPU
		{825783CA-AE40-4344-AD52-F9EC7E33BE0E}.Release|Any CPU.Build.0 = Release|Any CPU
		{9D407778-053A-4788-BDB4-ABF2E7E6C83C}.Debug|Any CPU.ActiveCfg = Debug|Any CPU
		{9D407778-053A-4788-BDB4-ABF2E7E6C83C}.Debug|Any CPU.Build.0 = Debug|Any CPU
		{9D407778-053A-4788-BDB4-ABF2E7E6C83C}.Release|Any CPU.ActiveCfg = Release|Any CPU
		{9D407778-053A-4788-BDB4-ABF2E7E6C83C}.Release|Any CPU.Build.0 = Release|Any CPU
		{31249A03-1A5C-42A8-952F-280C4D19EBBA}.Debug|Any CPU.ActiveCfg = Debug|Any CPU
		{31249A03-1A5C-42A8-952F-280C4D19EBBA}.Debug|Any CPU.Build.0 = Debug|Any CPU
		{31249A03-1A5C-42A8-952F-280C4D19EBBA}.Release|Any CPU.ActiveCfg = Release|Any CPU
		{31249A03-1A5C-42A8-952F-280C4D19EBBA}.Release|Any CPU.Build.0 = Release|Any CPU
		{790E226B-B089-4908-ABAE-81917CFE4E52}.Debug|Any CPU.ActiveCfg = Debug|Any CPU
		{790E226B-B089-4908-ABAE-81917CFE4E52}.Debug|Any CPU.Build.0 = Debug|Any CPU
		{790E226B-B089-4908-ABAE-81917CFE4E52}.Release|Any CPU.ActiveCfg = Release|Any CPU
		{790E226B-B089-4908-ABAE-81917CFE4E52}.Release|Any CPU.Build.0 = Release|Any CPU
		{E453196B-0DBC-43B9-9DB7-5739088715D1}.Debug|Any CPU.ActiveCfg = Debug|Any CPU
		{E453196B-0DBC-43B9-9DB7-5739088715D1}.Debug|Any CPU.Build.0 = Debug|Any CPU
		{E453196B-0DBC-43B9-9DB7-5739088715D1}.Release|Any CPU.ActiveCfg = Release|Any CPU
		{E453196B-0DBC-43B9-9DB7-5739088715D1}.Release|Any CPU.Build.0 = Release|Any CPU
		{790CF2D6-5BB1-41E9-9673-7EC38AF93208}.Debug|Any CPU.ActiveCfg = Debug|Any CPU
		{790CF2D6-5BB1-41E9-9673-7EC38AF93208}.Debug|Any CPU.Build.0 = Debug|Any CPU
		{790CF2D6-5BB1-41E9-9673-7EC38AF93208}.Release|Any CPU.ActiveCfg = Release|Any CPU
		{790CF2D6-5BB1-41E9-9673-7EC38AF93208}.Release|Any CPU.Build.0 = Release|Any CPU
		{1F12A97A-7DD8-48FF-B6C5-BC1E1BBA05C5}.Debug|Any CPU.ActiveCfg = Debug|Any CPU
		{1F12A97A-7DD8-48FF-B6C5-BC1E1BBA05C5}.Debug|Any CPU.Build.0 = Debug|Any CPU
		{1F12A97A-7DD8-48FF-B6C5-BC1E1BBA05C5}.Release|Any CPU.ActiveCfg = Release|Any CPU
		{1F12A97A-7DD8-48FF-B6C5-BC1E1BBA05C5}.Release|Any CPU.Build.0 = Release|Any CPU
		{0A0FA008-2FA6-4B13-B4C9-EAC42DCEBBCC}.Debug|Any CPU.ActiveCfg = Debug|Any CPU
		{0A0FA008-2FA6-4B13-B4C9-EAC42DCEBBCC}.Debug|Any CPU.Build.0 = Debug|Any CPU
		{0A0FA008-2FA6-4B13-B4C9-EAC42DCEBBCC}.Release|Any CPU.ActiveCfg = Release|Any CPU
		{0A0FA008-2FA6-4B13-B4C9-EAC42DCEBBCC}.Release|Any CPU.Build.0 = Release|Any CPU
		{02B02591-E875-4661-8775-8AB4702F306D}.Debug|Any CPU.ActiveCfg = Debug|Any CPU
		{02B02591-E875-4661-8775-8AB4702F306D}.Debug|Any CPU.Build.0 = Debug|Any CPU
		{02B02591-E875-4661-8775-8AB4702F306D}.Release|Any CPU.ActiveCfg = Release|Any CPU
		{02B02591-E875-4661-8775-8AB4702F306D}.Release|Any CPU.Build.0 = Release|Any CPU
		{CAB5C052-E0BF-4412-BC6B-62C3A5BED4C9}.Debug|Any CPU.ActiveCfg = Debug|Any CPU
		{CAB5C052-E0BF-4412-BC6B-62C3A5BED4C9}.Debug|Any CPU.Build.0 = Debug|Any CPU
		{CAB5C052-E0BF-4412-BC6B-62C3A5BED4C9}.Release|Any CPU.ActiveCfg = Release|Any CPU
		{CAB5C052-E0BF-4412-BC6B-62C3A5BED4C9}.Release|Any CPU.Build.0 = Release|Any CPU
		{08DFE4A2-00D2-406F-A083-AD1CE95986B7}.Debug|Any CPU.ActiveCfg = Debug|Any CPU
		{08DFE4A2-00D2-406F-A083-AD1CE95986B7}.Debug|Any CPU.Build.0 = Debug|Any CPU
		{08DFE4A2-00D2-406F-A083-AD1CE95986B7}.Release|Any CPU.ActiveCfg = Release|Any CPU
		{08DFE4A2-00D2-406F-A083-AD1CE95986B7}.Release|Any CPU.Build.0 = Release|Any CPU
		{F273B63C-B5FF-4D2E-BB18-19C374CA02CF}.Debug|Any CPU.ActiveCfg = Debug|Any CPU
		{F273B63C-B5FF-4D2E-BB18-19C374CA02CF}.Debug|Any CPU.Build.0 = Debug|Any CPU
		{F273B63C-B5FF-4D2E-BB18-19C374CA02CF}.Release|Any CPU.ActiveCfg = Release|Any CPU
		{F273B63C-B5FF-4D2E-BB18-19C374CA02CF}.Release|Any CPU.Build.0 = Release|Any CPU
		{2800AA70-AD9A-4108-A9D2-585FF522CFDA}.Debug|Any CPU.ActiveCfg = Debug|Any CPU
		{2800AA70-AD9A-4108-A9D2-585FF522CFDA}.Debug|Any CPU.Build.0 = Debug|Any CPU
		{2800AA70-AD9A-4108-A9D2-585FF522CFDA}.Release|Any CPU.ActiveCfg = Release|Any CPU
		{2800AA70-AD9A-4108-A9D2-585FF522CFDA}.Release|Any CPU.Build.0 = Release|Any CPU
		{95BFE297-3778-4861-9686-DC05A142CFE3}.Debug|Any CPU.ActiveCfg = Debug|Any CPU
		{95BFE297-3778-4861-9686-DC05A142CFE3}.Debug|Any CPU.Build.0 = Debug|Any CPU
		{95BFE297-3778-4861-9686-DC05A142CFE3}.Release|Any CPU.ActiveCfg = Release|Any CPU
		{95BFE297-3778-4861-9686-DC05A142CFE3}.Release|Any CPU.Build.0 = Release|Any CPU
		{C1765E44-EBA3-4E4D-B415-653D4FE68111}.Debug|Any CPU.ActiveCfg = Debug|Any CPU
		{C1765E44-EBA3-4E4D-B415-653D4FE68111}.Debug|Any CPU.Build.0 = Debug|Any CPU
		{C1765E44-EBA3-4E4D-B415-653D4FE68111}.Release|Any CPU.ActiveCfg = Release|Any CPU
		{C1765E44-EBA3-4E4D-B415-653D4FE68111}.Release|Any CPU.Build.0 = Release|Any CPU
		{9CF0C1FD-D093-4F73-AF8B-B66D666AA05C}.Debug|Any CPU.ActiveCfg = Debug|Any CPU
		{9CF0C1FD-D093-4F73-AF8B-B66D666AA05C}.Debug|Any CPU.Build.0 = Debug|Any CPU
		{9CF0C1FD-D093-4F73-AF8B-B66D666AA05C}.Release|Any CPU.ActiveCfg = Release|Any CPU
		{9CF0C1FD-D093-4F73-AF8B-B66D666AA05C}.Release|Any CPU.Build.0 = Release|Any CPU
		{7F262FBF-2F32-4EE2-A981-61500C1CAA18}.Debug|Any CPU.ActiveCfg = Debug|Any CPU
		{7F262FBF-2F32-4EE2-A981-61500C1CAA18}.Debug|Any CPU.Build.0 = Debug|Any CPU
		{7F262FBF-2F32-4EE2-A981-61500C1CAA18}.Release|Any CPU.ActiveCfg = Release|Any CPU
		{7F262FBF-2F32-4EE2-A981-61500C1CAA18}.Release|Any CPU.Build.0 = Release|Any CPU
		{E2D5B72C-E6C9-43FD-BBE9-A13C94F50E72}.Debug|Any CPU.ActiveCfg = Debug|Any CPU
		{E2D5B72C-E6C9-43FD-BBE9-A13C94F50E72}.Debug|Any CPU.Build.0 = Debug|Any CPU
		{E2D5B72C-E6C9-43FD-BBE9-A13C94F50E72}.Release|Any CPU.ActiveCfg = Release|Any CPU
		{E2D5B72C-E6C9-43FD-BBE9-A13C94F50E72}.Release|Any CPU.Build.0 = Release|Any CPU
		{3A2171FA-5AF4-4247-9265-B03B9A610430}.Debug|Any CPU.ActiveCfg = Debug|Any CPU
		{3A2171FA-5AF4-4247-9265-B03B9A610430}.Debug|Any CPU.Build.0 = Debug|Any CPU
		{3A2171FA-5AF4-4247-9265-B03B9A610430}.Release|Any CPU.ActiveCfg = Release|Any CPU
		{3A2171FA-5AF4-4247-9265-B03B9A610430}.Release|Any CPU.Build.0 = Release|Any CPU
		{BC0E9F51-D971-4DCF-88C7-EDDA3A2C7467}.Debug|Any CPU.ActiveCfg = Debug|Any CPU
		{BC0E9F51-D971-4DCF-88C7-EDDA3A2C7467}.Debug|Any CPU.Build.0 = Debug|Any CPU
		{BC0E9F51-D971-4DCF-88C7-EDDA3A2C7467}.Release|Any CPU.ActiveCfg = Release|Any CPU
		{BC0E9F51-D971-4DCF-88C7-EDDA3A2C7467}.Release|Any CPU.Build.0 = Release|Any CPU
		{FED780DE-F823-46F6-AE53-7BE9C0F0E540}.Debug|Any CPU.ActiveCfg = Debug|Any CPU
		{FED780DE-F823-46F6-AE53-7BE9C0F0E540}.Debug|Any CPU.Build.0 = Debug|Any CPU
		{FED780DE-F823-46F6-AE53-7BE9C0F0E540}.Release|Any CPU.ActiveCfg = Release|Any CPU
		{FED780DE-F823-46F6-AE53-7BE9C0F0E540}.Release|Any CPU.Build.0 = Release|Any CPU
		{0653100C-A345-438A-B94E-7F84580AA3EC}.Debug|Any CPU.ActiveCfg = Debug|Any CPU
		{0653100C-A345-438A-B94E-7F84580AA3EC}.Debug|Any CPU.Build.0 = Debug|Any CPU
		{0653100C-A345-438A-B94E-7F84580AA3EC}.Release|Any CPU.ActiveCfg = Release|Any CPU
		{0653100C-A345-438A-B94E-7F84580AA3EC}.Release|Any CPU.Build.0 = Release|Any CPU
		{9DD84849-0976-4B05-90F8-978359D01EBC}.Debug|Any CPU.ActiveCfg = Debug|Any CPU
		{9DD84849-0976-4B05-90F8-978359D01EBC}.Debug|Any CPU.Build.0 = Debug|Any CPU
		{9DD84849-0976-4B05-90F8-978359D01EBC}.Release|Any CPU.ActiveCfg = Release|Any CPU
		{9DD84849-0976-4B05-90F8-978359D01EBC}.Release|Any CPU.Build.0 = Release|Any CPU
		{99758AE6-6659-468C-A3C1-E1992A039D73}.Debug|Any CPU.ActiveCfg = Debug|Any CPU
		{99758AE6-6659-468C-A3C1-E1992A039D73}.Debug|Any CPU.Build.0 = Debug|Any CPU
		{99758AE6-6659-468C-A3C1-E1992A039D73}.Release|Any CPU.ActiveCfg = Release|Any CPU
		{99758AE6-6659-468C-A3C1-E1992A039D73}.Release|Any CPU.Build.0 = Release|Any CPU
		{A277F7AA-E3C3-4D11-A882-9FDB02A9BDB9}.Debug|Any CPU.ActiveCfg = Debug|Any CPU
		{A277F7AA-E3C3-4D11-A882-9FDB02A9BDB9}.Debug|Any CPU.Build.0 = Debug|Any CPU
		{A277F7AA-E3C3-4D11-A882-9FDB02A9BDB9}.Release|Any CPU.ActiveCfg = Release|Any CPU
		{A277F7AA-E3C3-4D11-A882-9FDB02A9BDB9}.Release|Any CPU.Build.0 = Release|Any CPU
		{25E94702-2DBE-4DCA-B9FC-44AB466BED39}.Debug|Any CPU.ActiveCfg = Debug|Any CPU
		{25E94702-2DBE-4DCA-B9FC-44AB466BED39}.Debug|Any CPU.Build.0 = Debug|Any CPU
		{25E94702-2DBE-4DCA-B9FC-44AB466BED39}.Release|Any CPU.ActiveCfg = Release|Any CPU
		{25E94702-2DBE-4DCA-B9FC-44AB466BED39}.Release|Any CPU.Build.0 = Release|Any CPU
		{9EC85FA0-FF99-481A-B0BD-323C9B166AA1}.Debug|Any CPU.ActiveCfg = Debug|Any CPU
		{9EC85FA0-FF99-481A-B0BD-323C9B166AA1}.Debug|Any CPU.Build.0 = Debug|Any CPU
		{9EC85FA0-FF99-481A-B0BD-323C9B166AA1}.Release|Any CPU.ActiveCfg = Release|Any CPU
		{9EC85FA0-FF99-481A-B0BD-323C9B166AA1}.Release|Any CPU.Build.0 = Release|Any CPU
		{A4058F1C-2DAD-4CBD-B85A-5408EB0B9EC2}.Debug|Any CPU.ActiveCfg = Debug|Any CPU
		{A4058F1C-2DAD-4CBD-B85A-5408EB0B9EC2}.Debug|Any CPU.Build.0 = Debug|Any CPU
		{A4058F1C-2DAD-4CBD-B85A-5408EB0B9EC2}.Release|Any CPU.ActiveCfg = Release|Any CPU
		{A4058F1C-2DAD-4CBD-B85A-5408EB0B9EC2}.Release|Any CPU.Build.0 = Release|Any CPU
		{D72F5CE6-A523-48CD-BA0D-12BDBC7D6A3F}.Debug|Any CPU.ActiveCfg = Debug|Any CPU
		{D72F5CE6-A523-48CD-BA0D-12BDBC7D6A3F}.Debug|Any CPU.Build.0 = Debug|Any CPU
		{D72F5CE6-A523-48CD-BA0D-12BDBC7D6A3F}.Release|Any CPU.ActiveCfg = Release|Any CPU
		{D72F5CE6-A523-48CD-BA0D-12BDBC7D6A3F}.Release|Any CPU.Build.0 = Release|Any CPU
		{BBB4976B-C5E2-495D-9EF0-704BAB9A448C}.Debug|Any CPU.ActiveCfg = Debug|Any CPU
		{BBB4976B-C5E2-495D-9EF0-704BAB9A448C}.Debug|Any CPU.Build.0 = Debug|Any CPU
		{BBB4976B-C5E2-495D-9EF0-704BAB9A448C}.Release|Any CPU.ActiveCfg = Release|Any CPU
		{BBB4976B-C5E2-495D-9EF0-704BAB9A448C}.Release|Any CPU.Build.0 = Release|Any CPU
		{F1E21D51-2A42-4CBF-8CAD-DE7010C3B083}.Debug|Any CPU.ActiveCfg = Debug|Any CPU
		{F1E21D51-2A42-4CBF-8CAD-DE7010C3B083}.Debug|Any CPU.Build.0 = Debug|Any CPU
		{F1E21D51-2A42-4CBF-8CAD-DE7010C3B083}.Release|Any CPU.ActiveCfg = Release|Any CPU
		{F1E21D51-2A42-4CBF-8CAD-DE7010C3B083}.Release|Any CPU.Build.0 = Release|Any CPU
		{D90474F4-0A9B-47F3-AEA6-2A64FDB56615}.Debug|Any CPU.ActiveCfg = Debug|Any CPU
		{D90474F4-0A9B-47F3-AEA6-2A64FDB56615}.Debug|Any CPU.Build.0 = Debug|Any CPU
		{D90474F4-0A9B-47F3-AEA6-2A64FDB56615}.Release|Any CPU.ActiveCfg = Release|Any CPU
		{D90474F4-0A9B-47F3-AEA6-2A64FDB56615}.Release|Any CPU.Build.0 = Release|Any CPU
	EndGlobalSection
	GlobalSection(SolutionProperties) = preSolution
		HideSolutionNode = FALSE
	EndGlobalSection
	GlobalSection(ExtensibilityGlobals) = postSolution
		SolutionGuid = {BE2C6AEB-60DE-4342-A881-393FC7D10283}
	EndGlobalSection
EndGlobal
