
Microsoft Visual Studio Solution File, Format Version 12.00
# Visual Studio Version 16
VisualStudioVersion = 16.0.30002.166
MinimumVisualStudioVersion = 10.0.40219.1
Project("{FAE04EC0-301F-11D3-BF4B-00C04F79EFBC}") = "Formulario", "Formulario\Formulario.csproj", "{8A186381-9FBB-4235-A652-5F0C03386174}"
EndProject
Project("{FAE04EC0-301F-11D3-BF4B-00C04F79EFBC}") = "FormControle", "FormControle\FormControle.csproj", "{76DCF036-D553-4495-89C5-3F1F62DA1D5E}"
EndProject
Project("{FAE04EC0-301F-11D3-BF4B-00C04F79EFBC}") = "FormMdi", "FormMdi\FormMdi.csproj", "{ADF2A738-0D20-4EC1-99BB-9E5A09EFF994}"
EndProject
Global
	GlobalSection(SolutionConfigurationPlatforms) = preSolution
		Debug|Any CPU = Debug|Any CPU
		Release|Any CPU = Release|Any CPU
	EndGlobalSection
	GlobalSection(ProjectConfigurationPlatforms) = postSolution
		{8A186381-9FBB-4235-A652-5F0C03386174}.Debug|Any CPU.ActiveCfg = Debug|Any CPU
		{8A186381-9FBB-4235-A652-5F0C03386174}.Debug|Any CPU.Build.0 = Debug|Any CPU
		{8A186381-9FBB-4235-A652-5F0C03386174}.Release|Any CPU.ActiveCfg = Release|Any CPU
		{8A186381-9FBB-4235-A652-5F0C03386174}.Release|Any CPU.Build.0 = Release|Any CPU
		{76DCF036-D553-4495-89C5-3F1F62DA1D5E}.Debug|Any CPU.ActiveCfg = Debug|Any CPU
		{76DCF036-D553-4495-89C5-3F1F62DA1D5E}.Debug|Any CPU.Build.0 = Debug|Any CPU
		{76DCF036-D553-4495-89C5-3F1F62DA1D5E}.Release|Any CPU.ActiveCfg = Release|Any CPU
		{76DCF036-D553-4495-89C5-3F1F62DA1D5E}.Release|Any CPU.Build.0 = Release|Any CPU
		{ADF2A738-0D20-4EC1-99BB-9E5A09EFF994}.Debug|Any CPU.ActiveCfg = Debug|Any CPU
		{ADF2A738-0D20-4EC1-99BB-9E5A09EFF994}.Debug|Any CPU.Build.0 = Debug|Any CPU
		{ADF2A738-0D20-4EC1-99BB-9E5A09EFF994}.Release|Any CPU.ActiveCfg = Release|Any CPU
		{ADF2A738-0D20-4EC1-99BB-9E5A09EFF994}.Release|Any CPU.Build.0 = Release|Any CPU
	EndGlobalSection
	GlobalSection(SolutionProperties) = preSolution
		HideSolutionNode = FALSE
	EndGlobalSection
	GlobalSection(ExtensibilityGlobals) = postSolution
		SolutionGuid = {6D719B50-B0F7-471A-AB83-6111089846B8}
	EndGlobalSection
EndGlobal
