
Microsoft Visual Studio Solution File, Format Version 12.00
# Visual Studio Version 16
VisualStudioVersion = 16.0.30002.166
MinimumVisualStudioVersion = 10.0.40219.1
Project("{FAE04EC0-301F-11D3-BF4B-00C04F79EFBC}") = "ManipularNumeros", "ManipularNumeros\ManipularNumeros.csproj", "{01C76C14-953A-4603-A7D6-BA33F5B94D2C}"
EndProject
Global
	GlobalSection(SolutionConfigurationPlatforms) = preSolution
		Debug|Any CPU = Debug|Any CPU
		Release|Any CPU = Release|Any CPU
	EndGlobalSection
	GlobalSection(ProjectConfigurationPlatforms) = postSolution
		{01C76C14-953A-4603-A7D6-BA33F5B94D2C}.Debug|Any CPU.ActiveCfg = Debug|Any CPU
		{01C76C14-953A-4603-A7D6-BA33F5B94D2C}.Debug|Any CPU.Build.0 = Debug|Any CPU
		{01C76C14-953A-4603-A7D6-BA33F5B94D2C}.Release|Any CPU.ActiveCfg = Release|Any CPU
		{01C76C14-953A-4603-A7D6-BA33F5B94D2C}.Release|Any CPU.Build.0 = Release|Any CPU
	EndGlobalSection
	GlobalSection(SolutionProperties) = preSolution
		HideSolutionNode = FALSE
	EndGlobalSection
	GlobalSection(ExtensibilityGlobals) = postSolution
		SolutionGuid = {9C4A17B5-5A86-4109-94F3-EB1F99634783}
	EndGlobalSection
EndGlobal
