
Microsoft Visual Studio Solution File, Format Version 12.00
# Visual Studio Version 16
VisualStudioVersion = 16.0.30002.166
MinimumVisualStudioVersion = 10.0.40219.1
Project("{FAE04EC0-301F-11D3-BF4B-00C04F79EFBC}") = "SistemaLogin", "SistemaLogin\SistemaLogin.csproj", "{AC30A58C-86C0-4F96-B4C1-2EC45F38E0A1}"
EndProject
Global
	GlobalSection(SolutionConfigurationPlatforms) = preSolution
		Debug|Any CPU = Debug|Any CPU
		Release|Any CPU = Release|Any CPU
	EndGlobalSection
	GlobalSection(ProjectConfigurationPlatforms) = postSolution
		{AC30A58C-86C0-4F96-B4C1-2EC45F38E0A1}.Debug|Any CPU.ActiveCfg = Debug|Any CPU
		{AC30A58C-86C0-4F96-B4C1-2EC45F38E0A1}.Debug|Any CPU.Build.0 = Debug|Any CPU
		{AC30A58C-86C0-4F96-B4C1-2EC45F38E0A1}.Release|Any CPU.ActiveCfg = Release|Any CPU
		{AC30A58C-86C0-4F96-B4C1-2EC45F38E0A1}.Release|Any CPU.Build.0 = Release|Any CPU
	EndGlobalSection
	GlobalSection(SolutionProperties) = preSolution
		HideSolutionNode = FALSE
	EndGlobalSection
	GlobalSection(ExtensibilityGlobals) = postSolution
		SolutionGuid = {527E119E-300A-4F28-8667-9D5FFC0EB72B}
	EndGlobalSection
EndGlobal
