
Microsoft Visual Studio Solution File, Format Version 12.00
# Visual Studio Version 16
VisualStudioVersion = 16.0.30002.166
MinimumVisualStudioVersion = 10.0.40219.1
Project("{FAE04EC0-301F-11D3-BF4B-00C04F79EFBC}") = "Imprimir", "Imprimir\Imprimir.csproj", "{754FB6D0-5CE7-4744-B98D-BD35DD4B0016}"
EndProject
Global
	GlobalSection(SolutionConfigurationPlatforms) = preSolution
		Debug|Any CPU = Debug|Any CPU
		Release|Any CPU = Release|Any CPU
	EndGlobalSection
	GlobalSection(ProjectConfigurationPlatforms) = postSolution
		{754FB6D0-5CE7-4744-B98D-BD35DD4B0016}.Debug|Any CPU.ActiveCfg = Debug|Any CPU
		{754FB6D0-5CE7-4744-B98D-BD35DD4B0016}.Debug|Any CPU.Build.0 = Debug|Any CPU
		{754FB6D0-5CE7-4744-B98D-BD35DD4B0016}.Release|Any CPU.ActiveCfg = Release|Any CPU
		{754FB6D0-5CE7-4744-B98D-BD35DD4B0016}.Release|Any CPU.Build.0 = Release|Any CPU
	EndGlobalSection
	GlobalSection(SolutionProperties) = preSolution
		HideSolutionNode = FALSE
	EndGlobalSection
	GlobalSection(ExtensibilityGlobals) = postSolution
		SolutionGuid = {823C8278-F7A8-4DC0-936B-88C33742997F}
	EndGlobalSection
EndGlobal
