
Microsoft Visual Studio Solution File, Format Version 12.00
# Visual Studio Version 16
VisualStudioVersion = 16.0.30002.166
MinimumVisualStudioVersion = 10.0.40219.1
Project("{FAE04EC0-301F-11D3-BF4B-00C04F79EFBC}") = "SocketCliente", "SocketCliente\SocketCliente.csproj", "{43EA7F3B-998E-412E-B125-7B1528AE36A9}"
EndProject
Global
	GlobalSection(SolutionConfigurationPlatforms) = preSolution
		Debug|Any CPU = Debug|Any CPU
		Release|Any CPU = Release|Any CPU
	EndGlobalSection
	GlobalSection(ProjectConfigurationPlatforms) = postSolution
		{43EA7F3B-998E-412E-B125-7B1528AE36A9}.Debug|Any CPU.ActiveCfg = Debug|Any CPU
		{43EA7F3B-998E-412E-B125-7B1528AE36A9}.Debug|Any CPU.Build.0 = Debug|Any CPU
		{43EA7F3B-998E-412E-B125-7B1528AE36A9}.Release|Any CPU.ActiveCfg = Release|Any CPU
		{43EA7F3B-998E-412E-B125-7B1528AE36A9}.Release|Any CPU.Build.0 = Release|Any CPU
	EndGlobalSection
	GlobalSection(SolutionProperties) = preSolution
		HideSolutionNode = FALSE
	EndGlobalSection
	GlobalSection(ExtensibilityGlobals) = postSolution
		SolutionGuid = {256E03D4-4C38-42DF-B2F8-C914FCC40CDE}
	EndGlobalSection
EndGlobal
