
Microsoft Visual Studio Solution File, Format Version 12.00
# Visual Studio Version 16
VisualStudioVersion = 16.0.31019.35
MinimumVisualStudioVersion = 10.0.40219.1
Project("{FAE04EC0-301F-11D3-BF4B-00C04F79EFBC}") = "ChatCliente", "ChatCliente\ChatCliente.csproj", "{19E770C6-6592-411A-8FF2-9DEBB5A0D0CB}"
EndProject
Global
	GlobalSection(SolutionConfigurationPlatforms) = preSolution
		Debug|Any CPU = Debug|Any CPU
		Release|Any CPU = Release|Any CPU
	EndGlobalSection
	GlobalSection(ProjectConfigurationPlatforms) = postSolution
		{19E770C6-6592-411A-8FF2-9DEBB5A0D0CB}.Debug|Any CPU.ActiveCfg = Debug|Any CPU
		{19E770C6-6592-411A-8FF2-9DEBB5A0D0CB}.Debug|Any CPU.Build.0 = Debug|Any CPU
		{19E770C6-6592-411A-8FF2-9DEBB5A0D0CB}.Release|Any CPU.ActiveCfg = Release|Any CPU
		{19E770C6-6592-411A-8FF2-9DEBB5A0D0CB}.Release|Any CPU.Build.0 = Release|Any CPU
	EndGlobalSection
	GlobalSection(SolutionProperties) = preSolution
		HideSolutionNode = FALSE
	EndGlobalSection
	GlobalSection(ExtensibilityGlobals) = postSolution
		SolutionGuid = {21954A3D-50BB-4B5B-8356-ABB1C58DA62C}
	EndGlobalSection
EndGlobal
